
Microsoft Visual Studio Solution File, Format Version 12.00
# Visual Studio Version 17
VisualStudioVersion = 17.13.35913.81
MinimumVisualStudioVersion = 10.0.40219.1
Project("{FAE04EC0-301F-11D3-BF4B-00C04F79EFBC}") = "MongoDb.Driver.API", "MongoDb.Driver.API\MongoDb.Driver.API.csproj", "{EC20D515-6524-E43E-D853-F0723770F5E7}"
EndProject
Project("{FAE04EC0-301F-11D3-BF4B-00C04F79EFBC}") = "MongoDb.Driver.Core", "MongoDb.Driver.Core\MongoDb.Driver.Core.csproj", "{A5420074-751F-275C-AB37-FF62E470F3B1}"
EndProject
Project("{FAE04EC0-301F-11D3-BF4B-00C04F79EFBC}") = "MongoDb.Driver.Infrastructure", "MongoDb.Driver.Infrastructure\MongoDb.Driver.Infrastructure.csproj", "{FE0589AD-328D-D8C8-5B18-1A7E37DBF711}"
EndProject
Project("{FAE04EC0-301F-11D3-BF4B-00C04F79EFBC}") = "MongoDb.Driver.Shared", "MongoDb.Driver.Shared\MongoDb.Driver.Shared.csproj", "{52D0D6A9-E299-95C9-2453-6D74EA660DF7}"
EndProject
Global
	GlobalSection(SolutionConfigurationPlatforms) = preSolution
		Debug|Any CPU = Debug|Any CPU
		Release|Any CPU = Release|Any CPU
	EndGlobalSection
	GlobalSection(ProjectConfigurationPlatforms) = postSolution
		{EC20D515-6524-E43E-D853-F0723770F5E7}.Debug|Any CPU.ActiveCfg = Debug|Any CPU
		{EC20D515-6524-E43E-D853-F0723770F5E7}.Debug|Any CPU.Build.0 = Debug|Any CPU
		{EC20D515-6524-E43E-D853-F0723770F5E7}.Release|Any CPU.ActiveCfg = Release|Any CPU
		{EC20D515-6524-E43E-D853-F0723770F5E7}.Release|Any CPU.Build.0 = Release|Any CPU
		{A5420074-751F-275C-AB37-FF62E470F3B1}.Debug|Any CPU.ActiveCfg = Debug|Any CPU
		{A5420074-751F-275C-AB37-FF62E470F3B1}.Debug|Any CPU.Build.0 = Debug|Any CPU
		{A5420074-751F-275C-AB37-FF62E470F3B1}.Release|Any CPU.ActiveCfg = Release|Any CPU
		{A5420074-751F-275C-AB37-FF62E470F3B1}.Release|Any CPU.Build.0 = Release|Any CPU
		{FE0589AD-328D-D8C8-5B18-1A7E37DBF711}.Debug|Any CPU.ActiveCfg = Debug|Any CPU
		{FE0589AD-328D-D8C8-5B18-1A7E37DBF711}.Debug|Any CPU.Build.0 = Debug|Any CPU
		{FE0589AD-328D-D8C8-5B18-1A7E37DBF711}.Release|Any CPU.ActiveCfg = Release|Any CPU
		{FE0589AD-328D-D8C8-5B18-1A7E37DBF711}.Release|Any CPU.Build.0 = Release|Any CPU
		{52D0D6A9-E299-95C9-2453-6D74EA660DF7}.Debug|Any CPU.ActiveCfg = Debug|Any CPU
		{52D0D6A9-E299-95C9-2453-6D74EA660DF7}.Debug|Any CPU.Build.0 = Debug|Any CPU
		{52D0D6A9-E299-95C9-2453-6D74EA660DF7}.Release|Any CPU.ActiveCfg = Release|Any CPU
		{52D0D6A9-E299-95C9-2453-6D74EA660DF7}.Release|Any CPU.Build.0 = Release|Any CPU
	EndGlobalSection
	GlobalSection(SolutionProperties) = preSolution
		HideSolutionNode = FALSE
	EndGlobalSection
	GlobalSection(ExtensibilityGlobals) = postSolution
		SolutionGuid = {89234E24-4B02-4E9F-BC94-C18D69253A6F}
	EndGlobalSection
EndGlobal
