<Solution>
  <Project Path="Demo.Restuarants.API.Models/Demo.Restuarants.API.Models.csproj" />
  <Project Path="Demo.Restuarants.API/Demo.Restuarants.API.csproj" />
  <Project Path="Demo.Restuarants.Core/Demo.Restuarants.Core.csproj" />
  <Project Path="Demo.Restuarants.Infrastructure.MongoDb/Demo.Restuarants.Infrastructure.MongoDb.csproj" />
  <Project Path="Demo.Restuarants.Shared/Demo.Restuarants.Shared.csproj" />
</Solution>
